
Microsoft Visual Studio Solution File, Format Version 12.00
# Visual Studio Version 17
VisualStudioVersion = 17.0.32126.317
MinimumVisualStudioVersion = 10.0.40219.1
Project("{FAE04EC0-301F-11D3-BF4B-00C04F79EFBC}") = "ControleFinanceiro.API", "ControleFinanceiro.API\ControleFinanceiro.API.csproj", "{8DE73A79-CCC2-4DF4-94EB-46FFC8AA764E}"
EndProject
Project("{FAE04EC0-301F-11D3-BF4B-00C04F79EFBC}") = "ControleFinanceiro.BLL", "..\ControleFinanceiro.BLL\ControleFinanceiro.BLL.csproj", "{5FCF37F7-4812-4B84-A4B9-A8A8C2B75CA5}"
EndProject
Project("{FAE04EC0-301F-11D3-BF4B-00C04F79EFBC}") = "ControleFInanceiro.DAL", "..\ControleFInanceiro.DAL\ControleFInanceiro.DAL.csproj", "{2FE9FE6D-7E7F-4703-9D43-D9178A835171}"
EndProject
Global
	GlobalSection(SolutionConfigurationPlatforms) = preSolution
		Debug|Any CPU = Debug|Any CPU
		Release|Any CPU = Release|Any CPU
	EndGlobalSection
	GlobalSection(ProjectConfigurationPlatforms) = postSolution
		{8DE73A79-CCC2-4DF4-94EB-46FFC8AA764E}.Debug|Any CPU.ActiveCfg = Debug|Any CPU
		{8DE73A79-CCC2-4DF4-94EB-46FFC8AA764E}.Debug|Any CPU.Build.0 = Debug|Any CPU
		{8DE73A79-CCC2-4DF4-94EB-46FFC8AA764E}.Release|Any CPU.ActiveCfg = Release|Any CPU
		{8DE73A79-CCC2-4DF4-94EB-46FFC8AA764E}.Release|Any CPU.Build.0 = Release|Any CPU
		{5FCF37F7-4812-4B84-A4B9-A8A8C2B75CA5}.Debug|Any CPU.ActiveCfg = Debug|Any CPU
		{5FCF37F7-4812-4B84-A4B9-A8A8C2B75CA5}.Debug|Any CPU.Build.0 = Debug|Any CPU
		{5FCF37F7-4812-4B84-A4B9-A8A8C2B75CA5}.Release|Any CPU.ActiveCfg = Release|Any CPU
		{5FCF37F7-4812-4B84-A4B9-A8A8C2B75CA5}.Release|Any CPU.Build.0 = Release|Any CPU
		{2FE9FE6D-7E7F-4703-9D43-D9178A835171}.Debug|Any CPU.ActiveCfg = Debug|Any CPU
		{2FE9FE6D-7E7F-4703-9D43-D9178A835171}.Debug|Any CPU.Build.0 = Debug|Any CPU
		{2FE9FE6D-7E7F-4703-9D43-D9178A835171}.Release|Any CPU.ActiveCfg = Release|Any CPU
		{2FE9FE6D-7E7F-4703-9D43-D9178A835171}.Release|Any CPU.Build.0 = Release|Any CPU
	EndGlobalSection
	GlobalSection(SolutionProperties) = preSolution
		HideSolutionNode = FALSE
	EndGlobalSection
	GlobalSection(ExtensibilityGlobals) = postSolution
		SolutionGuid = {498026F8-8161-4947-AD91-109F74B7FEFF}
	EndGlobalSection
EndGlobal
